{
  "name": "heartflow-companion",
  "version": "5.1.12",
  "lockfileVersion": 3,
  "requires": true,
  "packages": {
    "": {
      "name": "heartflow-companion",
      "version": "5.1.12",
      "hasInstallScript": true,
      "license": "MIT",
      "bin": {
        "heartflow": "src/index.js"
      },
      "devDependencies": {},
      "engines": {
        "node": ">=14.0.0"
      }
    }
  }
}
