{
  "name": "mark-heartflow-skill",
  "version": "1.6.0",
  "lockfileVersion": 3,
  "requires": true,
  "packages": {
    "": {
      "name": "mark-heartflow-skill",
      "version": "1.6.0",
      "license": "MIT",
      "bin": {
        "heartflow": "bin/cli.js",
        "hf-agent": "src/agent-core/cli.js",
        "mark-code": "src/agent-core/cli.js"
      }
    }
  }
}
